
Microsoft Visual Studio Solution File, Format Version 12.00
# Visual Studio Version 17
VisualStudioVersion = 17.4.33110.190
MinimumVisualStudioVersion = 10.0.40219.1
Project("{9A19103F-16F7-4668-BE54-9A1E7A4F7556}") = "API", "API\API.csproj", "{AD588175-05EC-488A-8E0B-B1C66425E7F9}"
EndProject
Project("{9A19103F-16F7-4668-BE54-9A1E7A4F7556}") = "Infrastructure", "Infrastructure\Infrastructure.csproj", "{6ADBA6C3-D4C3-4FEF-9629-D14742CE23A5}"
EndProject
Project("{9A19103F-16F7-4668-BE54-9A1E7A4F7556}") = "Core", "Core\Core.csproj", "{F0D07F8B-186C-4A7C-BABC-F483D930835B}"
EndProject
Global
	GlobalSection(SolutionConfigurationPlatforms) = preSolution
		Debug|Any CPU = Debug|Any CPU
		Release|Any CPU = Release|Any CPU
	EndGlobalSection
	GlobalSection(ProjectConfigurationPlatforms) = postSolution
		{AD588175-05EC-488A-8E0B-B1C66425E7F9}.Debug|Any CPU.ActiveCfg = Debug|Any CPU
		{AD588175-05EC-488A-8E0B-B1C66425E7F9}.Debug|Any CPU.Build.0 = Debug|Any CPU
		{AD588175-05EC-488A-8E0B-B1C66425E7F9}.Release|Any CPU.ActiveCfg = Release|Any CPU
		{AD588175-05EC-488A-8E0B-B1C66425E7F9}.Release|Any CPU.Build.0 = Release|Any CPU
		{6ADBA6C3-D4C3-4FEF-9629-D14742CE23A5}.Debug|Any CPU.ActiveCfg = Debug|Any CPU
		{6ADBA6C3-D4C3-4FEF-9629-D14742CE23A5}.Debug|Any CPU.Build.0 = Debug|Any CPU
		{6ADBA6C3-D4C3-4FEF-9629-D14742CE23A5}.Release|Any CPU.ActiveCfg = Release|Any CPU
		{6ADBA6C3-D4C3-4FEF-9629-D14742CE23A5}.Release|Any CPU.Build.0 = Release|Any CPU
		{F0D07F8B-186C-4A7C-BABC-F483D930835B}.Debug|Any CPU.ActiveCfg = Debug|Any CPU
		{F0D07F8B-186C-4A7C-BABC-F483D930835B}.Debug|Any CPU.Build.0 = Debug|Any CPU
		{F0D07F8B-186C-4A7C-BABC-F483D930835B}.Release|Any CPU.ActiveCfg = Release|Any CPU
		{F0D07F8B-186C-4A7C-BABC-F483D930835B}.Release|Any CPU.Build.0 = Release|Any CPU
	EndGlobalSection
	GlobalSection(SolutionProperties) = preSolution
		HideSolutionNode = FALSE
	EndGlobalSection
	GlobalSection(ExtensibilityGlobals) = postSolution
		SolutionGuid = {E0DC65DA-8416-4009-B13D-D7121A7F6CBB}
	EndGlobalSection
EndGlobal
